// !$*UTF8*$!
{
	archiveVersion = 1;
	classes = {
	};
	objectVersion = 56;
	objects = {

/* Begin PBXBuildFile section */
		4624CEDE2C2B35840042782C /* MovieMatch_FinalProjectApp.swift in Sources */ = {isa = PBXBuildFile; fileRef = 4624CEDD2C2B35840042782C /* MovieMatch_FinalProjectApp.swift */; };
		4624CEE02C2B35840042782C /* ContentView.swift in Sources */ = {isa = PBXBuildFile; fileRef = 4624CEDF2C2B35840042782C /* ContentView.swift */; };
		4624CEE22C2B35880042782C /* Assets.xcassets in Resources */ = {isa = PBXBuildFile; fileRef = 4624CEE12C2B35880042782C /* Assets.xcassets */; };
		4624CEE52C2B35880042782C /* Preview Assets.xcassets in Resources */ = {isa = PBXBuildFile; fileRef = 4624CEE42C2B35880042782C /* Preview Assets.xcassets */; };
		4624CEEC2C2C56180042782C /* firstQuestion.swift in Sources */ = {isa = PBXBuildFile; fileRef = 4624CEEB2C2C56180042782C /* firstQuestion.swift */; };
		4624CEEE2C2C60870042782C /* secondQuestion.swift in Sources */ = {isa = PBXBuildFile; fileRef = 4624CEED2C2C60870042782C /* secondQuestion.swift */; };
		4624CEF02C2C613C0042782C /* thirdQuestion.swift in Sources */ = {isa = PBXBuildFile; fileRef = 4624CEEF2C2C613C0042782C /* thirdQuestion.swift */; };
		4624CEF22C2C61A80042782C /* fourthQuestion.swift in Sources */ = {isa = PBXBuildFile; fileRef = 4624CEF12C2C61A80042782C /* fourthQuestion.swift */; };
		4624CEF42C2C620F0042782C /* fifthQuestion.swift in Sources */ = {isa = PBXBuildFile; fileRef = 4624CEF32C2C620F0042782C /* fifthQuestion.swift */; };
		4624CEF62C2C683E0042782C /* results.swift in Sources */ = {isa = PBXBuildFile; fileRef = 4624CEF52C2C683E0042782C /* results.swift */; };
		4624CEF82C2C86320042782C /* sixthQuestion.swift in Sources */ = {isa = PBXBuildFile; fileRef = 4624CEF72C2C86320042782C /* sixthQuestion.swift */; };
		4624CF1A2C2DEA8E0042782C /* howtoloseaguy.swift in Sources */ = {isa = PBXBuildFile; fileRef = 4624CF192C2DEA8E0042782C /* howtoloseaguy.swift */; };
		4624CF1C2C2DEAC70042782C /* meetjoeblack.swift in Sources */ = {isa = PBXBuildFile; fileRef = 4624CF1B2C2DEAC70042782C /* meetjoeblack.swift */; };
		4624CF1E2C2DEB2B0042782C /* theequalizer.swift in Sources */ = {isa = PBXBuildFile; fileRef = 4624CF1D2C2DEB2B0042782C /* theequalizer.swift */; };
		4624CF202C2DEB580042782C /* theconjuring.swift in Sources */ = {isa = PBXBuildFile; fileRef = 4624CF1F2C2DEB580042782C /* theconjuring.swift */; };
		4624CF222C2DF33E0042782C /* video1.swift in Sources */ = {isa = PBXBuildFile; fileRef = 4624CF212C2DF33E0042782C /* video1.swift */; };
/* End PBXBuildFile section */

/* Begin PBXFileReference section */
		4624CEDA2C2B35840042782C /* MovieMatch-FinalProject.app */ = {isa = PBXFileReference; explicitFileType = wrapper.application; includeInIndex = 0; path = "MovieMatch-FinalProject.app"; sourceTree = BUILT_PRODUCTS_DIR; };
		4624CEDD2C2B35840042782C /* MovieMatch_FinalProjectApp.swift */ = {isa = PBXFileReference; lastKnownFileType = sourcecode.swift; path = MovieMatch_FinalProjectApp.swift; sourceTree = "<group>"; };
		4624CEDF2C2B35840042782C /* ContentView.swift */ = {isa = PBXFileReference; lastKnownFileType = sourcecode.swift; path = ContentView.swift; sourceTree = "<group>"; };
		4624CEE12C2B35880042782C /* Assets.xcassets */ = {isa = PBXFileReference; lastKnownFileType = folder.assetcatalog; path = Assets.xcassets; sourceTree = "<group>"; };
		4624CEE42C2B35880042782C /* Preview Assets.xcassets */ = {isa = PBXFileReference; lastKnownFileType = folder.assetcatalog; path = "Preview Assets.xcassets"; sourceTree = "<group>"; };
		4624CEEB2C2C56180042782C /* firstQuestion.swift */ = {isa = PBXFileReference; lastKnownFileType = sourcecode.swift; path = firstQuestion.swift; sourceTree = "<group>"; };
		4624CEED2C2C60870042782C /* secondQuestion.swift */ = {isa = PBXFileReference; lastKnownFileType = sourcecode.swift; path = secondQuestion.swift; sourceTree = "<group>"; };
		4624CEEF2C2C613C0042782C /* thirdQuestion.swift */ = {isa = PBXFileReference; lastKnownFileType = sourcecode.swift; path = thirdQuestion.swift; sourceTree = "<group>"; };
		4624CEF12C2C61A80042782C /* fourthQuestion.swift */ = {isa = PBXFileReference; lastKnownFileType = sourcecode.swift; path = fourthQuestion.swift; sourceTree = "<group>"; };
		4624CEF32C2C620F0042782C /* fifthQuestion.swift */ = {isa = PBXFileReference; lastKnownFileType = sourcecode.swift; path = fifthQuestion.swift; sourceTree = "<group>"; };
		4624CEF52C2C683E0042782C /* results.swift */ = {isa = PBXFileReference; lastKnownFileType = sourcecode.swift; path = results.swift; sourceTree = "<group>"; };
		4624CEF72C2C86320042782C /* sixthQuestion.swift */ = {isa = PBXFileReference; lastKnownFileType = sourcecode.swift; path = sixthQuestion.swift; sourceTree = "<group>"; };
		4624CF192C2DEA8E0042782C /* howtoloseaguy.swift */ = {isa = PBXFileReference; lastKnownFileType = sourcecode.swift; path = howtoloseaguy.swift; sourceTree = "<group>"; };
		4624CF1B2C2DEAC70042782C /* meetjoeblack.swift */ = {isa = PBXFileReference; lastKnownFileType = sourcecode.swift; path = meetjoeblack.swift; sourceTree = "<group>"; };
		4624CF1D2C2DEB2B0042782C /* theequalizer.swift */ = {isa = PBXFileReference; lastKnownFileType = sourcecode.swift; path = theequalizer.swift; sourceTree = "<group>"; };
		4624CF1F2C2DEB580042782C /* theconjuring.swift */ = {isa = PBXFileReference; lastKnownFileType = sourcecode.swift; path = theconjuring.swift; sourceTree = "<group>"; };
		4624CF212C2DF33E0042782C /* video1.swift */ = {isa = PBXFileReference; lastKnownFileType = sourcecode.swift; path = video1.swift; sourceTree = "<group>"; };
/* End PBXFileReference section */

/* Begin PBXFrameworksBuildPhase section */
		4624CED72C2B35840042782C /* Frameworks */ = {
			isa = PBXFrameworksBuildPhase;
			buildActionMask = 2147483647;
			files = (
			);
			runOnlyForDeploymentPostprocessing = 0;
		};
/* End PBXFrameworksBuildPhase section */

/* Begin PBXGroup section */
		4624CED12C2B35840042782C = {
			isa = PBXGroup;
			children = (
				4624CEDC2C2B35840042782C /* MovieMatch-FinalProject */,
				4624CEDB2C2B35840042782C /* Products */,
			);
			sourceTree = "<group>";
		};
		4624CEDB2C2B35840042782C /* Products */ = {
			isa = PBXGroup;
			children = (
				4624CEDA2C2B35840042782C /* MovieMatch-FinalProject.app */,
			);
			name = Products;
			sourceTree = "<group>";
		};
		4624CEDC2C2B35840042782C /* MovieMatch-FinalProject */ = {
			isa = PBXGroup;
			children = (
				4624CEDD2C2B35840042782C /* MovieMatch_FinalProjectApp.swift */,
				4624CEDF2C2B35840042782C /* ContentView.swift */,
				4624CEEB2C2C56180042782C /* firstQuestion.swift */,
				4624CEED2C2C60870042782C /* secondQuestion.swift */,
				4624CEEF2C2C613C0042782C /* thirdQuestion.swift */,
				4624CEF12C2C61A80042782C /* fourthQuestion.swift */,
				4624CEF32C2C620F0042782C /* fifthQuestion.swift */,
				4624CEF72C2C86320042782C /* sixthQuestion.swift */,
				4624CEF52C2C683E0042782C /* results.swift */,
				4624CF192C2DEA8E0042782C /* howtoloseaguy.swift */,
				4624CF1B2C2DEAC70042782C /* meetjoeblack.swift */,
				4624CF1D2C2DEB2B0042782C /* theequalizer.swift */,
				4624CF1F2C2DEB580042782C /* theconjuring.swift */,
				4624CEE12C2B35880042782C /* Assets.xcassets */,
				4624CEE32C2B35880042782C /* Preview Content */,
				4624CF212C2DF33E0042782C /* video1.swift */,
			);
			path = "MovieMatch-FinalProject";
			sourceTree = "<group>";
		};
		4624CEE32C2B35880042782C /* Preview Content */ = {
			isa = PBXGroup;
			children = (
				4624CEE42C2B35880042782C /* Preview Assets.xcassets */,
			);
			path = "Preview Content";
			sourceTree = "<group>";
		};
/* End PBXGroup section */

/* Begin PBXNativeTarget section */
		4624CED92C2B35840042782C /* MovieMatch-FinalProject */ = {
			isa = PBXNativeTarget;
			buildConfigurationList = 4624CEE82C2B35880042782C /* Build configuration list for PBXNativeTarget "MovieMatch-FinalProject" */;
			buildPhases = (
				4624CED62C2B35840042782C /* Sources */,
				4624CED72C2B35840042782C /* Frameworks */,
				4624CED82C2B35840042782C /* Resources */,
			);
			buildRules = (
			);
			dependencies = (
			);
			name = "MovieMatch-FinalProject";
			productName = "MovieMatch-FinalProject";
			productReference = 4624CEDA2C2B35840042782C /* MovieMatch-FinalProject.app */;
			productType = "com.apple.product-type.application";
		};
/* End PBXNativeTarget section */

/* Begin PBXProject section */
		4624CED22C2B35840042782C /* Project object */ = {
			isa = PBXProject;
			attributes = {
				BuildIndependentTargetsInParallel = 1;
				LastSwiftUpdateCheck = 1540;
				LastUpgradeCheck = 1540;
				TargetAttributes = {
					4624CED92C2B35840042782C = {
						CreatedOnToolsVersion = 15.4;
					};
				};
			};
			buildConfigurationList = 4624CED52C2B35840042782C /* Build configuration list for PBXProject "MovieMatch-FinalProject" */;
			compatibilityVersion = "Xcode 14.0";
			developmentRegion = en;
			hasScannedForEncodings = 0;
			knownRegions = (
				en,
				Base,
			);
			mainGroup = 4624CED12C2B35840042782C;
			productRefGroup = 4624CEDB2C2B35840042782C /* Products */;
			projectDirPath = "";
			projectRoot = "";
			targets = (
				4624CED92C2B35840042782C /* MovieMatch-FinalProject */,
			);
		};
/* End PBXProject section */

/* Begin PBXResourcesBuildPhase section */
		4624CED82C2B35840042782C /* Resources */ = {
			isa = PBXResourcesBuildPhase;
			buildActionMask = 2147483647;
			files = (
				4624CEE52C2B35880042782C /* Preview Assets.xcassets in Resources */,
				4624CEE22C2B35880042782C /* Assets.xcassets in Resources */,
			);
			runOnlyForDeploymentPostprocessing = 0;
		};
/* End PBXResourcesBuildPhase section */

/* Begin PBXSourcesBuildPhase section */
		4624CED62C2B35840042782C /* Sources */ = {
			isa = PBXSourcesBuildPhase;
			buildActionMask = 2147483647;
			files = (
				4624CEE02C2B35840042782C /* ContentView.swift in Sources */,
				4624CF202C2DEB580042782C /* theconjuring.swift in Sources */,
				4624CEEC2C2C56180042782C /* firstQuestion.swift in Sources */,
				4624CF222C2DF33E0042782C /* video1.swift in Sources */,
				4624CEF62C2C683E0042782C /* results.swift in Sources */,
				4624CEF82C2C86320042782C /* sixthQuestion.swift in Sources */,
				4624CF1C2C2DEAC70042782C /* meetjoeblack.swift in Sources */,
				4624CF1A2C2DEA8E0042782C /* howtoloseaguy.swift in Sources */,
				4624CEDE2C2B35840042782C /* MovieMatch_FinalProjectApp.swift in Sources */,
				4624CEF22C2C61A80042782C /* fourthQuestion.swift in Sources */,
				4624CF1E2C2DEB2B0042782C /* theequalizer.swift in Sources */,
				4624CEF02C2C613C0042782C /* thirdQuestion.swift in Sources */,
				4624CEEE2C2C60870042782C /* secondQuestion.swift in Sources */,
				4624CEF42C2C620F0042782C /* fifthQuestion.swift in Sources */,
			);
			runOnlyForDeploymentPostprocessing = 0;
		};
/* End PBXSourcesBuildPhase section */

/* Begin XCBuildConfiguration section */
		4624CEE62C2B35880042782C /* Debug */ = {
			isa = XCBuildConfiguration;
			buildSettings = {
				ALWAYS_SEARCH_USER_PATHS = NO;
				ASSETCATALOG_COMPILER_GENERATE_SWIFT_ASSET_SYMBOL_EXTENSIONS = YES;
				CLANG_ANALYZER_NONNULL = YES;
				CLANG_ANALYZER_NUMBER_OBJECT_CONVERSION = YES_AGGRESSIVE;
				CLANG_CXX_LANGUAGE_STANDARD = "gnu++20";
				CLANG_ENABLE_MODULES = YES;
				CLANG_ENABLE_OBJC_ARC = YES;
				CLANG_ENABLE_OBJC_WEAK = YES;
				CLANG_WARN_BLOCK_CAPTURE_AUTORELEASING = YES;
				CLANG_WARN_BOOL_CONVERSION = YES;
				CLANG_WARN_COMMA = YES;
				CLANG_WARN_CONSTANT_CONVERSION = YES;
				CLANG_WARN_DEPRECATED_OBJC_IMPLEMENTATIONS = YES;
				CLANG_WARN_DIRECT_OBJC_ISA_USAGE = YES_ERROR;
				CLANG_WARN_DOCUMENTATION_COMMENTS = YES;
				CLANG_WARN_EMPTY_BODY = YES;
				CLANG_WARN_ENUM_CONVERSION = YES;
				CLANG_WARN_INFINITE_RECURSION = YES;
				CLANG_WARN_INT_CONVERSION = YES;
				CLANG_WARN_NON_LITERAL_NULL_CONVERSION = YES;
				CLANG_WARN_OBJC_IMPLICIT_RETAIN_SELF = YES;
				CLANG_WARN_OBJC_LITERAL_CONVERSION = YES;
				CLANG_WARN_OBJC_ROOT_CLASS = YES_ERROR;
				CLANG_WARN_QUOTED_INCLUDE_IN_FRAMEWORK_HEADER = YES;
				CLANG_WARN_RANGE_LOOP_ANALYSIS = YES;
				CLANG_WARN_STRICT_PROTOTYPES = YES;
				CLANG_WARN_SUSPICIOUS_MOVE = YES;
				CLANG_WARN_UNGUARDED_AVAILABILITY = YES_AGGRESSIVE;
				CLANG_WARN_UNREACHABLE_CODE = YES;
				CLANG_WARN__DUPLICATE_METHOD_MATCH = YES;
				COPY_PHASE_STRIP = NO;
				DEBUG_INFORMATION_FORMAT = dwarf;
				ENABLE_STRICT_OBJC_MSGSEND = YES;
				ENABLE_TESTABILITY = YES;
				ENABLE_USER_SCRIPT_SANDBOXING = YES;
				GCC_C_LANGUAGE_STANDARD = gnu17;
				GCC_DYNAMIC_NO_PIC = NO;
				GCC_NO_COMMON_BLOCKS = YES;
				GCC_OPTIMIZATION_LEVEL = 0;
				GCC_PREPROCESSOR_DEFINITIONS = (
					"DEBUG=1",
					"$(inherited)",
				);
				GCC_WARN_64_TO_32_BIT_CONVERSION = YES;
				GCC_WARN_ABOUT_RETURN_TYPE = YES_ERROR;
				GCC_WARN_UNDECLARED_SELECTOR = YES;
				GCC_WARN_UNINITIALIZED_AUTOS = YES_AGGRESSIVE;
				GCC_WARN_UNUSED_FUNCTION = YES;
				GCC_WARN_UNUSED_VARIABLE = YES;
				IPHONEOS_DEPLOYMENT_TARGET = 17.5;
				LOCALIZATION_PREFERS_STRING_CATALOGS = YES;
				MTL_ENABLE_DEBUG_INFO = INCLUDE_SOURCE;
				MTL_FAST_MATH = YES;
				ONLY_ACTIVE_ARCH = YES;
				SDKROOT = iphoneos;
				SWIFT_ACTIVE_COMPILATION_CONDITIONS = "DEBUG $(inherited)";
				SWIFT_OPTIMIZATION_LEVEL = "-Onone";
			};
			name = Debug;
		};
		4624CEE72C2B35880042782C /* Release */ = {
			isa = XCBuildConfiguration;
			buildSettings = {
				ALWAYS_SEARCH_USER_PATHS = NO;
				ASSETCATALOG_COMPILER_GENERATE_SWIFT_ASSET_SYMBOL_EXTENSIONS = YES;
				CLANG_ANALYZER_NONNULL = YES;
				CLANG_ANALYZER_NUMBER_OBJECT_CONVERSION = YES_AGGRESSIVE;
				CLANG_CXX_LANGUAGE_STANDARD = "gnu++20";
				CLANG_ENABLE_MODULES = YES;
				CLANG_ENABLE_OBJC_ARC = YES;
				CLANG_ENABLE_OBJC_WEAK = YES;
				CLANG_WARN_BLOCK_CAPTURE_AUTORELEASING = YES;
				CLANG_WARN_BOOL_CONVERSION = YES;
				CLANG_WARN_COMMA = YES;
				CLANG_WARN_CONSTANT_CONVERSION = YES;
				CLANG_WARN_DEPRECATED_OBJC_IMPLEMENTATIONS = YES;
				CLANG_WARN_DIRECT_OBJC_ISA_USAGE = YES_ERROR;
				CLANG_WARN_DOCUMENTATION_COMMENTS = YES;
				CLANG_WARN_EMPTY_BODY = YES;
				CLANG_WARN_ENUM_CONVERSION = YES;
				CLANG_WARN_INFINITE_RECURSION = YES;
				CLANG_WARN_INT_CONVERSION = YES;
				CLANG_WARN_NON_LITERAL_NULL_CONVERSION = YES;
				CLANG_WARN_OBJC_IMPLICIT_RETAIN_SELF = YES;
				CLANG_WARN_OBJC_LITERAL_CONVERSION = YES;
				CLANG_WARN_OBJC_ROOT_CLASS = YES_ERROR;
				CLANG_WARN_QUOTED_INCLUDE_IN_FRAMEWORK_HEADER = YES;
				CLANG_WARN_RANGE_LOOP_ANALYSIS = YES;
				CLANG_WARN_STRICT_PROTOTYPES = YES;
				CLANG_WARN_SUSPICIOUS_MOVE = YES;
				CLANG_WARN_UNGUARDED_AVAILABILITY = YES_AGGRESSIVE;
				CLANG_WARN_UNREACHABLE_CODE = YES;
				CLANG_WARN__DUPLICATE_METHOD_MATCH = YES;
				COPY_PHASE_STRIP = NO;
				DEBUG_INFORMATION_FORMAT = "dwarf-with-dsym";
				ENABLE_NS_ASSERTIONS = NO;
				ENABLE_STRICT_OBJC_MSGSEND = YES;
				ENABLE_USER_SCRIPT_SANDBOXING = YES;
				GCC_C_LANGUAGE_STANDARD = gnu17;
				GCC_NO_COMMON_BLOCKS = YES;
				GCC_WARN_64_TO_32_BIT_CONVERSION = YES;
				GCC_WARN_ABOUT_RETURN_TYPE = YES_ERROR;
				GCC_WARN_UNDECLARED_SELECTOR = YES;
				GCC_WARN_UNINITIALIZED_AUTOS = YES_AGGRESSIVE;
				GCC_WARN_UNUSED_FUNCTION = YES;
				GCC_WARN_UNUSED_VARIABLE = YES;
				IPHONEOS_DEPLOYMENT_TARGET = 17.5;
				LOCALIZATION_PREFERS_STRING_CATALOGS = YES;
				MTL_ENABLE_DEBUG_INFO = NO;
				MTL_FAST_MATH = YES;
				SDKROOT = iphoneos;
				SWIFT_COMPILATION_MODE = wholemodule;
				VALIDATE_PRODUCT = YES;
			};
			name = Release;
		};
		4624CEE92C2B35880042782C /* Debug */ = {
			isa = XCBuildConfiguration;
			buildSettings = {
				ASSETCATALOG_COMPILER_APPICON_NAME = AppIcon;
				ASSETCATALOG_COMPILER_GLOBAL_ACCENT_COLOR_NAME = AccentColor;
				CODE_SIGN_STYLE = Automatic;
				CURRENT_PROJECT_VERSION = 1;
				DEVELOPMENT_ASSET_PATHS = "\"MovieMatch-FinalProject/Preview Content\"";
				ENABLE_PREVIEWS = YES;
				GENERATE_INFOPLIST_FILE = YES;
				INFOPLIST_KEY_UIApplicationSceneManifest_Generation = YES;
				INFOPLIST_KEY_UIApplicationSupportsIndirectInputEvents = YES;
				INFOPLIST_KEY_UILaunchScreen_Generation = YES;
				INFOPLIST_KEY_UISupportedInterfaceOrientations_iPad = "UIInterfaceOrientationPortrait UIInterfaceOrientationPortraitUpsideDown UIInterfaceOrientationLandscapeLeft UIInterfaceOrientationLandscapeRight";
				INFOPLIST_KEY_UISupportedInterfaceOrientations_iPhone = "UIInterfaceOrientationPortrait UIInterfaceOrientationLandscapeLeft UIInterfaceOrientationLandscapeRight";
				LD_RUNPATH_SEARCH_PATHS = (
					"$(inherited)",
					"@executable_path/Frameworks",
				);
				MARKETING_VERSION = 1.0;
				PRODUCT_BUNDLE_IDENTIFIER = "kwk.MovieMatch-FinalProject";
				PRODUCT_NAME = "$(TARGET_NAME)";
				SWIFT_EMIT_LOC_STRINGS = YES;
				SWIFT_VERSION = 5.0;
				TARGETED_DEVICE_FAMILY = "1,2";
			};
			name = Debug;
		};
		4624CEEA2C2B35880042782C /* Release */ = {
			isa = XCBuildConfiguration;
			buildSettings = {
				ASSETCATALOG_COMPILER_APPICON_NAME = AppIcon;
				ASSETCATALOG_COMPILER_GLOBAL_ACCENT_COLOR_NAME = AccentColor;
				CODE_SIGN_STYLE = Automatic;
				CURRENT_PROJECT_VERSION = 1;
				DEVELOPMENT_ASSET_PATHS = "\"MovieMatch-FinalProject/Preview Content\"";
				ENABLE_PREVIEWS = YES;
				GENERATE_INFOPLIST_FILE = YES;
				INFOPLIST_KEY_UIApplicationSceneManifest_Generation = YES;
				INFOPLIST_KEY_UIApplicationSupportsIndirectInputEvents = YES;
				INFOPLIST_KEY_UILaunchScreen_Generation = YES;
				INFOPLIST_KEY_UISupportedInterfaceOrientations_iPad = "UIInterfaceOrientationPortrait UIInterfaceOrientationPortraitUpsideDown UIInterfaceOrientationLandscapeLeft UIInterfaceOrientationLandscapeRight";
				INFOPLIST_KEY_UISupportedInterfaceOrientations_iPhone = "UIInterfaceOrientationPortrait UIInterfaceOrientationLandscapeLeft UIInterfaceOrientationLandscapeRight";
				LD_RUNPATH_SEARCH_PATHS = (
					"$(inherited)",
					"@executable_path/Frameworks",
				);
				MARKETING_VERSION = 1.0;
				PRODUCT_BUNDLE_IDENTIFIER = "kwk.MovieMatch-FinalProject";
				PRODUCT_NAME = "$(TARGET_NAME)";
				SWIFT_EMIT_LOC_STRINGS = YES;
				SWIFT_VERSION = 5.0;
				TARGETED_DEVICE_FAMILY = "1,2";
			};
			name = Release;
		};
/* End XCBuildConfiguration section */

/* Begin XCConfigurationList section */
		4624CED52C2B35840042782C /* Build configuration list for PBXProject "MovieMatch-FinalProject" */ = {
			isa = XCConfigurationList;
			buildConfigurations = (
				4624CEE62C2B35880042782C /* Debug */,
				4624CEE72C2B35880042782C /* Release */,
			);
			defaultConfigurationIsVisible = 0;
			defaultConfigurationName = Release;
		};
		4624CEE82C2B35880042782C /* Build configuration list for PBXNativeTarget "MovieMatch-FinalProject" */ = {
			isa = XCConfigurationList;
			buildConfigurations = (
				4624CEE92C2B35880042782C /* Debug */,
				4624CEEA2C2B35880042782C /* Release */,
			);
			defaultConfigurationIsVisible = 0;
			defaultConfigurationName = Release;
		};
/* End XCConfigurationList section */
	};
	rootObject = 4624CED22C2B35840042782C /* Project object */;
}
